
Microsoft Visual Studio Solution File, Format Version 12.00
# Visual Studio Version 17
VisualStudioVersion = 17.7.34221.43
MinimumVisualStudioVersion = 10.0.40219.1
Project("{FAE04EC0-301F-11D3-BF4B-00C04F79EFBC}") = "CommonClasses", "CommonClasses\CommonClasses.csproj", "{31F0E1A9-183B-4394-AEE5-1BD27BA6AA95}"
EndProject
Global
	GlobalSection(SolutionConfigurationPlatforms) = preSolution
		Debug|Any CPU = Debug|Any CPU
		Release|Any CPU = Release|Any CPU
	EndGlobalSection
	GlobalSection(ProjectConfigurationPlatforms) = postSolution
		{31F0E1A9-183B-4394-AEE5-1BD27BA6AA95}.Debug|Any CPU.ActiveCfg = Debug|Any CPU
		{31F0E1A9-183B-4394-AEE5-1BD27BA6AA95}.Debug|Any CPU.Build.0 = Debug|Any CPU
		{31F0E1A9-183B-4394-AEE5-1BD27BA6AA95}.Release|Any CPU.ActiveCfg = Release|Any CPU
		{31F0E1A9-183B-4394-AEE5-1BD27BA6AA95}.Release|Any CPU.Build.0 = Release|Any CPU
	EndGlobalSection
	GlobalSection(SolutionProperties) = preSolution
		HideSolutionNode = FALSE
	EndGlobalSection
	GlobalSection(ExtensibilityGlobals) = postSolution
		SolutionGuid = {1DEE63A3-48FF-42F8-B6E4-088CD50A4A7B}
	EndGlobalSection
EndGlobal
